
Microsoft Visual Studio Solution File, Format Version 12.00
# Visual Studio Version 17
VisualStudioVersion = 17.5.002.0
MinimumVisualStudioVersion = 10.0.40219.1
Project("{9A19103F-16F7-4668-BE54-9A1E7A4F7556}") = "DesafioProjetoHospedagem", "DesafioProjetoHospedagem.csproj", "{C9BCE4C3-F633-4CAC-A42F-95421188F770}"
EndProject
Global
	GlobalSection(SolutionConfigurationPlatforms) = preSolution
		Debug|Any CPU = Debug|Any CPU
		Release|Any CPU = Release|Any CPU
	EndGlobalSection
	GlobalSection(ProjectConfigurationPlatforms) = postSolution
		{C9BCE4C3-F633-4CAC-A42F-95421188F770}.Debug|Any CPU.ActiveCfg = Debug|Any CPU
		{C9BCE4C3-F633-4CAC-A42F-95421188F770}.Debug|Any CPU.Build.0 = Debug|Any CPU
		{C9BCE4C3-F633-4CAC-A42F-95421188F770}.Release|Any CPU.ActiveCfg = Release|Any CPU
		{C9BCE4C3-F633-4CAC-A42F-95421188F770}.Release|Any CPU.Build.0 = Release|Any CPU
	EndGlobalSection
	GlobalSection(SolutionProperties) = preSolution
		HideSolutionNode = FALSE
	EndGlobalSection
	GlobalSection(ExtensibilityGlobals) = postSolution
		SolutionGuid = {0C0F28D2-4993-44CB-8056-5F6CEF862B9A}
	EndGlobalSection
EndGlobal
